
Microsoft Visual Studio Solution File, Format Version 12.00
# Visual Studio Version 17
VisualStudioVersion = 17.4.33213.308
MinimumVisualStudioVersion = 10.0.40219.1
Project("{FAE04EC0-301F-11D3-BF4B-00C04F79EFBC}") = "Ontap_Net104_320", "Ontap_Net104_320\Ontap_Net104_320.csproj", "{6922F488-42AF-46C3-BC37-93EBE61B0BA0}"
EndProject
Global
	GlobalSection(SolutionConfigurationPlatforms) = preSolution
		Debug|Any CPU = Debug|Any CPU
		Release|Any CPU = Release|Any CPU
	EndGlobalSection
	GlobalSection(ProjectConfigurationPlatforms) = postSolution
		{6922F488-42AF-46C3-BC37-93EBE61B0BA0}.Debug|Any CPU.ActiveCfg = Debug|Any CPU
		{6922F488-42AF-46C3-BC37-93EBE61B0BA0}.Debug|Any CPU.Build.0 = Debug|Any CPU
		{6922F488-42AF-46C3-BC37-93EBE61B0BA0}.Release|Any CPU.ActiveCfg = Release|Any CPU
		{6922F488-42AF-46C3-BC37-93EBE61B0BA0}.Release|Any CPU.Build.0 = Release|Any CPU
	EndGlobalSection
	GlobalSection(SolutionProperties) = preSolution
		HideSolutionNode = FALSE
	EndGlobalSection
	GlobalSection(ExtensibilityGlobals) = postSolution
		SolutionGuid = {485144C6-E624-4635-BF6B-1E71BFF382DF}
	EndGlobalSection
EndGlobal
